
Microsoft Visual Studio Solution File, Format Version 12.00
# Visual Studio Version 16
VisualStudioVersion = 16.0.30523.141
MinimumVisualStudioVersion = 10.0.40219.1
Project("{8BC9CEB8-8B4A-11D0-8D11-00A0C91BC942}") = "rpg5", "rpg5\rpg5.vcxproj", "{2CCD8C89-BD24-4F08-B4BB-44064B8F37B0}"
EndProject
Project("{8BC9CEB8-8B4A-11D0-8D11-00A0C91BC942}") = "Ginga", "Ginga\Ginga.vcxproj", "{5096F229-34E9-4542-A705-9C88937EE748}"
EndProject
Global
	GlobalSection(SolutionConfigurationPlatforms) = preSolution
		Debug|x64 = Debug|x64
		Release|x64 = Release|x64
	EndGlobalSection
	GlobalSection(ProjectConfigurationPlatforms) = postSolution
		{2CCD8C89-BD24-4F08-B4BB-44064B8F37B0}.Debug|x64.ActiveCfg = Debug|x64
		{2CCD8C89-BD24-4F08-B4BB-44064B8F37B0}.Debug|x64.Build.0 = Debug|x64
		{2CCD8C89-BD24-4F08-B4BB-44064B8F37B0}.Release|x64.ActiveCfg = Release|x64
		{2CCD8C89-BD24-4F08-B4BB-44064B8F37B0}.Release|x64.Build.0 = Release|x64
		{5096F229-34E9-4542-A705-9C88937EE748}.Debug|x64.ActiveCfg = Debug|x64
		{5096F229-34E9-4542-A705-9C88937EE748}.Debug|x64.Build.0 = Debug|x64
		{5096F229-34E9-4542-A705-9C88937EE748}.Release|x64.ActiveCfg = Release|x64
		{5096F229-34E9-4542-A705-9C88937EE748}.Release|x64.Build.0 = Release|x64
	EndGlobalSection
	GlobalSection(SolutionProperties) = preSolution
		HideSolutionNode = FALSE
	EndGlobalSection
	GlobalSection(ExtensibilityGlobals) = postSolution
		SolutionGuid = {DFA89C99-E09A-4841-B111-3031622FAF2C}
	EndGlobalSection
EndGlobal
